
Microsoft Visual Studio Solution File, Format Version 12.00
# Visual Studio Version 17
VisualStudioVersion = 17.11.35222.181
MinimumVisualStudioVersion = 10.0.40219.1
Project("{FAE04EC0-301F-11D3-BF4B-00C04F79EFBC}") = "TextRPG", "TextRPG\TextRPG.csproj", "{7952DC88-5BF3-4E09-9793-14DC67321404}"
EndProject
Global
	GlobalSection(SolutionConfigurationPlatforms) = preSolution
		Debug|Any CPU = Debug|Any CPU
		Release|Any CPU = Release|Any CPU
	EndGlobalSection
	GlobalSection(ProjectConfigurationPlatforms) = postSolution
		{7952DC88-5BF3-4E09-9793-14DC67321404}.Debug|Any CPU.ActiveCfg = Debug|Any CPU
		{7952DC88-5BF3-4E09-9793-14DC67321404}.Debug|Any CPU.Build.0 = Debug|Any CPU
		{7952DC88-5BF3-4E09-9793-14DC67321404}.Release|Any CPU.ActiveCfg = Release|Any CPU
		{7952DC88-5BF3-4E09-9793-14DC67321404}.Release|Any CPU.Build.0 = Release|Any CPU
	EndGlobalSection
	GlobalSection(SolutionProperties) = preSolution
		HideSolutionNode = FALSE
	EndGlobalSection
	GlobalSection(ExtensibilityGlobals) = postSolution
		SolutionGuid = {B7214F1F-8B30-43D4-8AB8-0CAA09CFDF72}
	EndGlobalSection
EndGlobal
